
Microsoft Visual Studio Solution File, Format Version 12.00
# Visual Studio Version 17
VisualStudioVersion = 17.11.35303.130
MinimumVisualStudioVersion = 10.0.40219.1
Project("{FAE04EC0-301F-11D3-BF4B-00C04F79EFBC}") = "TaskApp.Web", "TaskApp.Web\TaskApp.Web.csproj", "{B18B09D0-5BF6-4832-AE84-05A8ECB7E8F1}"
EndProject
Global
	GlobalSection(SolutionConfigurationPlatforms) = preSolution
		Debug|Any CPU = Debug|Any CPU
		Release|Any CPU = Release|Any CPU
	EndGlobalSection
	GlobalSection(ProjectConfigurationPlatforms) = postSolution
		{B18B09D0-5BF6-4832-AE84-05A8ECB7E8F1}.Debug|Any CPU.ActiveCfg = Debug|Any CPU
		{B18B09D0-5BF6-4832-AE84-05A8ECB7E8F1}.Debug|Any CPU.Build.0 = Debug|Any CPU
		{B18B09D0-5BF6-4832-AE84-05A8ECB7E8F1}.Release|Any CPU.ActiveCfg = Release|Any CPU
		{B18B09D0-5BF6-4832-AE84-05A8ECB7E8F1}.Release|Any CPU.Build.0 = Release|Any CPU
	EndGlobalSection
	GlobalSection(SolutionProperties) = preSolution
		HideSolutionNode = FALSE
	EndGlobalSection
	GlobalSection(ExtensibilityGlobals) = postSolution
		SolutionGuid = {444F3040-405F-4126-8C0E-535279E10E94}
	EndGlobalSection
EndGlobal
